
Microsoft Visual Studio Solution File, Format Version 12.00
# Visual Studio Version 17
VisualStudioVersion = 17.0.31903.59
MinimumVisualStudioVersion = 10.0.40219.1
Project("{FAE04EC0-301F-11D3-BF4B-00C04F79EFBC}") = "BplmSw", "BplmSw\BplmSw.csproj", "{E8A5BF02-CDF8-4D00-88F2-099F8DD03DFC}"
EndProject
Project("{FAE04EC0-301F-11D3-BF4B-00C04F79EFBC}") = "BplmSw.Common", "BplmSw.Common\BplmSw.Common.csproj", "{820B22E3-AF4D-402E-998D-9635923A9E8B}"
EndProject
Project("{FAE04EC0-301F-11D3-BF4B-00C04F79EFBC}") = "BplmSw.HttpRequest", "BplmSw.HttpRequest\BplmSw.HttpRequest.csproj", "{0DA55903-A270-4F83-8D1B-93B9C1471A6B}"
EndProject
Project("{FAE04EC0-301F-11D3-BF4B-00C04F79EFBC}") = "BplmSw.NewDoc", "BplmSw.NewDoc\BplmSw.NewDoc.csproj", "{67B4DDE6-95E3-4D62-BACC-4693CE21D6D7}"
EndProject
Project("{FAE04EC0-301F-11D3-BF4B-00C04F79EFBC}") = "BplmSw.OpenDoc", "BplmSw.OpenDoc\BplmSw.OpenDoc.csproj", "{A7B9A83B-0C92-4F24-A426-229851C3E09D}"
EndProject
Project("{FAE04EC0-301F-11D3-BF4B-00C04F79EFBC}") = "BplmSw.Launcher", "BplmSw.Launcher\BplmSw.Launcher.csproj", "{B2E0FAD8-CEBF-47A2-98CC-947B19409A2B}"
EndProject
Project("{FAE04EC0-301F-11D3-BF4B-00C04F79EFBC}") = "BplmSw.Login", "BplmSw.Login\BplmSw.Login.csproj", "{D30AF733-58AF-48D0-871D-C3B56291D2E9}"
EndProject
Project("{FAE04EC0-301F-11D3-BF4B-00C04F79EFBC}") = "BplmSw.SaveDoc", "BplmSw.SaveDoc\BplmSw.SaveDoc.csproj", "{21241E7D-0A51-4496-9899-1CAA2B6423C8}"
EndProject
Project("{FAE04EC0-301F-11D3-BF4B-00C04F79EFBC}") = "BplmSw.Assembly", "BplmSw.Assembly\BplmSw.Assembly.csproj", "{3E8A5BF0-CDF8-4D00-88F2-099F8DD03DF0}"
EndProject
Global
	GlobalSection(SolutionConfigurationPlatforms) = preSolution
		Debug|Any CPU = Debug|Any CPU
		Debug|x64 = Debug|x64
		Debug|x86 = Debug|x86
		Release|Any CPU = Release|Any CPU
		Release|x64 = Release|x64
		Release|x86 = Release|x86
	EndGlobalSection
	GlobalSection(ProjectConfigurationPlatforms) = postSolution
		{E8A5BF02-CDF8-4D00-88F2-099F8DD03DFC}.Debug|Any CPU.ActiveCfg = Debug|Any CPU
		{E8A5BF02-CDF8-4D00-88F2-099F8DD03DFC}.Debug|Any CPU.Build.0 = Debug|Any CPU
		{E8A5BF02-CDF8-4D00-88F2-099F8DD03DFC}.Debug|x64.ActiveCfg = Debug|Any CPU
		{E8A5BF02-CDF8-4D00-88F2-099F8DD03DFC}.Debug|x64.Build.0 = Debug|Any CPU
		{E8A5BF02-CDF8-4D00-88F2-099F8DD03DFC}.Debug|x86.ActiveCfg = Debug|Any CPU
		{E8A5BF02-CDF8-4D00-88F2-099F8DD03DFC}.Debug|x86.Build.0 = Debug|Any CPU
		{E8A5BF02-CDF8-4D00-88F2-099F8DD03DFC}.Release|Any CPU.ActiveCfg = Release|Any CPU
		{E8A5BF02-CDF8-4D00-88F2-099F8DD03DFC}.Release|Any CPU.Build.0 = Release|Any CPU
		{E8A5BF02-CDF8-4D00-88F2-099F8DD03DFC}.Release|x64.ActiveCfg = Release|Any CPU
		{E8A5BF02-CDF8-4D00-88F2-099F8DD03DFC}.Release|x64.Build.0 = Release|Any CPU
		{E8A5BF02-CDF8-4D00-88F2-099F8DD03DFC}.Release|x86.ActiveCfg = Release|Any CPU
		{E8A5BF02-CDF8-4D00-88F2-099F8DD03DFC}.Release|x86.Build.0 = Release|Any CPU
		{820B22E3-AF4D-402E-998D-9635923A9E8B}.Debug|Any CPU.ActiveCfg = Debug|Any CPU
		{820B22E3-AF4D-402E-998D-9635923A9E8B}.Debug|Any CPU.Build.0 = Debug|Any CPU
		{820B22E3-AF4D-402E-998D-9635923A9E8B}.Debug|x64.ActiveCfg = Debug|Any CPU
		{820B22E3-AF4D-402E-998D-9635923A9E8B}.Debug|x64.Build.0 = Debug|Any CPU
		{820B22E3-AF4D-402E-998D-9635923A9E8B}.Debug|x86.ActiveCfg = Debug|Any CPU
		{820B22E3-AF4D-402E-998D-9635923A9E8B}.Debug|x86.Build.0 = Debug|Any CPU
		{820B22E3-AF4D-402E-998D-9635923A9E8B}.Release|Any CPU.ActiveCfg = Release|Any CPU
		{820B22E3-AF4D-402E-998D-9635923A9E8B}.Release|Any CPU.Build.0 = Release|Any CPU
		{820B22E3-AF4D-402E-998D-9635923A9E8B}.Release|x64.ActiveCfg = Release|Any CPU
		{820B22E3-AF4D-402E-998D-9635923A9E8B}.Release|x64.Build.0 = Release|Any CPU
		{820B22E3-AF4D-402E-998D-9635923A9E8B}.Release|x86.ActiveCfg = Release|Any CPU
		{820B22E3-AF4D-402E-998D-9635923A9E8B}.Release|x86.Build.0 = Release|Any CPU
		{0DA55903-A270-4F83-8D1B-93B9C1471A6B}.Debug|Any CPU.ActiveCfg = Debug|Any CPU
		{0DA55903-A270-4F83-8D1B-93B9C1471A6B}.Debug|Any CPU.Build.0 = Debug|Any CPU
		{0DA55903-A270-4F83-8D1B-93B9C1471A6B}.Debug|x64.ActiveCfg = Debug|Any CPU
		{0DA55903-A270-4F83-8D1B-93B9C1471A6B}.Debug|x64.Build.0 = Debug|Any CPU
		{0DA55903-A270-4F83-8D1B-93B9C1471A6B}.Debug|x86.ActiveCfg = Debug|Any CPU
		{0DA55903-A270-4F83-8D1B-93B9C1471A6B}.Debug|x86.Build.0 = Debug|Any CPU
		{0DA55903-A270-4F83-8D1B-93B9C1471A6B}.Release|Any CPU.ActiveCfg = Release|Any CPU
		{0DA55903-A270-4F83-8D1B-93B9C1471A6B}.Release|Any CPU.Build.0 = Release|Any CPU
		{0DA55903-A270-4F83-8D1B-93B9C1471A6B}.Release|x64.ActiveCfg = Release|Any CPU
		{0DA55903-A270-4F83-8D1B-93B9C1471A6B}.Release|x64.Build.0 = Release|Any CPU
		{0DA55903-A270-4F83-8D1B-93B9C1471A6B}.Release|x86.ActiveCfg = Release|Any CPU
		{0DA55903-A270-4F83-8D1B-93B9C1471A6B}.Release|x86.Build.0 = Release|Any CPU
		{67B4DDE6-95E3-4D62-BACC-4693CE21D6D7}.Debug|Any CPU.ActiveCfg = Debug|Any CPU
		{67B4DDE6-95E3-4D62-BACC-4693CE21D6D7}.Debug|Any CPU.Build.0 = Debug|Any CPU
		{67B4DDE6-95E3-4D62-BACC-4693CE21D6D7}.Debug|x64.ActiveCfg = Debug|Any CPU
		{67B4DDE6-95E3-4D62-BACC-4693CE21D6D7}.Debug|x64.Build.0 = Debug|Any CPU
		{67B4DDE6-95E3-4D62-BACC-4693CE21D6D7}.Debug|x86.ActiveCfg = Debug|Any CPU
		{67B4DDE6-95E3-4D62-BACC-4693CE21D6D7}.Debug|x86.Build.0 = Debug|Any CPU
		{67B4DDE6-95E3-4D62-BACC-4693CE21D6D7}.Release|Any CPU.ActiveCfg = Release|Any CPU
		{67B4DDE6-95E3-4D62-BACC-4693CE21D6D7}.Release|Any CPU.Build.0 = Release|Any CPU
		{67B4DDE6-95E3-4D62-BACC-4693CE21D6D7}.Release|x64.ActiveCfg = Release|Any CPU
		{67B4DDE6-95E3-4D62-BACC-4693CE21D6D7}.Release|x64.Build.0 = Release|Any CPU
		{67B4DDE6-95E3-4D62-BACC-4693CE21D6D7}.Release|x86.ActiveCfg = Release|Any CPU
		{67B4DDE6-95E3-4D62-BACC-4693CE21D6D7}.Release|x86.Build.0 = Release|Any CPU
		{A7B9A83B-0C92-4F24-A426-229851C3E09D}.Debug|Any CPU.ActiveCfg = Debug|Any CPU
		{A7B9A83B-0C92-4F24-A426-229851C3E09D}.Debug|Any CPU.Build.0 = Debug|Any CPU
		{A7B9A83B-0C92-4F24-A426-229851C3E09D}.Debug|x64.ActiveCfg = Debug|Any CPU
		{A7B9A83B-0C92-4F24-A426-229851C3E09D}.Debug|x64.Build.0 = Debug|Any CPU
		{A7B9A83B-0C92-4F24-A426-229851C3E09D}.Debug|x86.ActiveCfg = Debug|Any CPU
		{A7B9A83B-0C92-4F24-A426-229851C3E09D}.Debug|x86.Build.0 = Debug|Any CPU
		{A7B9A83B-0C92-4F24-A426-229851C3E09D}.Release|Any CPU.ActiveCfg = Release|Any CPU
		{A7B9A83B-0C92-4F24-A426-229851C3E09D}.Release|Any CPU.Build.0 = Release|Any CPU
		{A7B9A83B-0C92-4F24-A426-229851C3E09D}.Release|x64.ActiveCfg = Release|Any CPU
		{A7B9A83B-0C92-4F24-A426-229851C3E09D}.Release|x64.Build.0 = Release|Any CPU
		{A7B9A83B-0C92-4F24-A426-229851C3E09D}.Release|x86.ActiveCfg = Release|Any CPU
		{A7B9A83B-0C92-4F24-A426-229851C3E09D}.Release|x86.Build.0 = Release|Any CPU
		{B2E0FAD8-CEBF-47A2-98CC-947B19409A2B}.Debug|Any CPU.ActiveCfg = Debug|Any CPU
		{B2E0FAD8-CEBF-47A2-98CC-947B19409A2B}.Debug|Any CPU.Build.0 = Debug|Any CPU
		{B2E0FAD8-CEBF-47A2-98CC-947B19409A2B}.Debug|x64.ActiveCfg = Debug|Any CPU
		{B2E0FAD8-CEBF-47A2-98CC-947B19409A2B}.Debug|x64.Build.0 = Debug|Any CPU
		{B2E0FAD8-CEBF-47A2-98CC-947B19409A2B}.Debug|x86.ActiveCfg = Debug|Any CPU
		{B2E0FAD8-CEBF-47A2-98CC-947B19409A2B}.Debug|x86.Build.0 = Debug|Any CPU
		{B2E0FAD8-CEBF-47A2-98CC-947B19409A2B}.Release|Any CPU.ActiveCfg = Release|Any CPU
		{B2E0FAD8-CEBF-47A2-98CC-947B19409A2B}.Release|Any CPU.Build.0 = Release|Any CPU
		{B2E0FAD8-CEBF-47A2-98CC-947B19409A2B}.Release|x64.ActiveCfg = Release|Any CPU
		{B2E0FAD8-CEBF-47A2-98CC-947B19409A2B}.Release|x64.Build.0 = Release|Any CPU
		{B2E0FAD8-CEBF-47A2-98CC-947B19409A2B}.Release|x86.ActiveCfg = Release|Any CPU
		{B2E0FAD8-CEBF-47A2-98CC-947B19409A2B}.Release|x86.Build.0 = Release|Any CPU
		{D30AF733-58AF-48D0-871D-C3B56291D2E9}.Debug|Any CPU.ActiveCfg = Debug|Any CPU
		{D30AF733-58AF-48D0-871D-C3B56291D2E9}.Debug|Any CPU.Build.0 = Debug|Any CPU
		{D30AF733-58AF-48D0-871D-C3B56291D2E9}.Debug|x64.ActiveCfg = Debug|Any CPU
		{D30AF733-58AF-48D0-871D-C3B56291D2E9}.Debug|x64.Build.0 = Debug|Any CPU
		{D30AF733-58AF-48D0-871D-C3B56291D2E9}.Debug|x86.ActiveCfg = Debug|Any CPU
		{D30AF733-58AF-48D0-871D-C3B56291D2E9}.Debug|x86.Build.0 = Debug|Any CPU
		{D30AF733-58AF-48D0-871D-C3B56291D2E9}.Release|Any CPU.ActiveCfg = Release|Any CPU
		{D30AF733-58AF-48D0-871D-C3B56291D2E9}.Release|Any CPU.Build.0 = Release|Any CPU
		{D30AF733-58AF-48D0-871D-C3B56291D2E9}.Release|x64.ActiveCfg = Release|Any CPU
		{D30AF733-58AF-48D0-871D-C3B56291D2E9}.Release|x64.Build.0 = Release|Any CPU
		{D30AF733-58AF-48D0-871D-C3B56291D2E9}.Release|x86.ActiveCfg = Release|Any CPU
		{D30AF733-58AF-48D0-871D-C3B56291D2E9}.Release|x86.Build.0 = Release|Any CPU
		{21241E7D-0A51-4496-9899-1CAA2B6423C8}.Debug|Any CPU.ActiveCfg = Debug|Any CPU
		{21241E7D-0A51-4496-9899-1CAA2B6423C8}.Debug|Any CPU.Build.0 = Debug|Any CPU
		{21241E7D-0A51-4496-9899-1CAA2B6423C8}.Debug|x64.ActiveCfg = Debug|Any CPU
		{21241E7D-0A51-4496-9899-1CAA2B6423C8}.Debug|x64.Build.0 = Debug|Any CPU
		{21241E7D-0A51-4496-9899-1CAA2B6423C8}.Debug|x86.ActiveCfg = Debug|Any CPU
		{21241E7D-0A51-4496-9899-1CAA2B6423C8}.Debug|x86.Build.0 = Debug|Any CPU
		{21241E7D-0A51-4496-9899-1CAA2B6423C8}.Release|Any CPU.ActiveCfg = Release|Any CPU
		{21241E7D-0A51-4496-9899-1CAA2B6423C8}.Release|Any CPU.Build.0 = Release|Any CPU
		{21241E7D-0A51-4496-9899-1CAA2B6423C8}.Release|x64.ActiveCfg = Release|Any CPU
		{21241E7D-0A51-4496-9899-1CAA2B6423C8}.Release|x64.Build.0 = Release|Any CPU
		{21241E7D-0A51-4496-9899-1CAA2B6423C8}.Release|x86.ActiveCfg = Release|Any CPU
		{21241E7D-0A51-4496-9899-1CAA2B6423C8}.Release|x86.Build.0 = Release|Any CPU
		{3E8A5BF0-CDF8-4D00-88F2-099F8DD03DF0}.Debug|Any CPU.ActiveCfg = Debug|Any CPU
		{3E8A5BF0-CDF8-4D00-88F2-099F8DD03DF0}.Debug|Any CPU.Build.0 = Debug|Any CPU
		{3E8A5BF0-CDF8-4D00-88F2-099F8DD03DF0}.Debug|x64.ActiveCfg = Debug|Any CPU
		{3E8A5BF0-CDF8-4D00-88F2-099F8DD03DF0}.Debug|x64.Build.0 = Debug|Any CPU
		{3E8A5BF0-CDF8-4D00-88F2-099F8DD03DF0}.Debug|x86.ActiveCfg = Debug|Any CPU
		{3E8A5BF0-CDF8-4D00-88F2-099F8DD03DF0}.Debug|x86.Build.0 = Debug|Any CPU
		{3E8A5BF0-CDF8-4D00-88F2-099F8DD03DF0}.Release|Any CPU.ActiveCfg = Release|Any CPU
		{3E8A5BF0-CDF8-4D00-88F2-099F8DD03DF0}.Release|Any CPU.Build.0 = Release|Any CPU
		{3E8A5BF0-CDF8-4D00-88F2-099F8DD03DF0}.Release|x64.ActiveCfg = Release|Any CPU
		{3E8A5BF0-CDF8-4D00-88F2-099F8DD03DF0}.Release|x64.Build.0 = Release|Any CPU
		{3E8A5BF0-CDF8-4D00-88F2-099F8DD03DF0}.Release|x86.ActiveCfg = Release|Any CPU
		{3E8A5BF0-CDF8-4D00-88F2-099F8DD03DF0}.Release|x86.Build.0 = Release|Any CPU
	EndGlobalSection
	GlobalSection(SolutionProperties) = preSolution
		HideSolutionNode = FALSE
	EndGlobalSection
	GlobalSection(ExtensibilityGlobals) = postSolution
		SolutionGuid = {F92844CE-B930-4D04-8D64-159BF013AE60}
	EndGlobalSection
EndGlobal
